
Microsoft Visual Studio Solution File, Format Version 12.00
# Visual Studio 2013
VisualStudioVersion = 12.0.0.0
Project("{FAE04EC0-301F-11D3-BF4B-00C04F79EFBC}") = "ApiModel", "ApiModel\ApiModel.csproj", "{E2B63755-ADA3-42A6-B0BC-992F5D501A22}"
EndProject
Project("{FAE04EC0-301F-11D3-BF4B-00C04F79EFBC}") = "Client", "Client\Client.csproj", "{B1878CDE-D825-4BBD-B44A-437D0017D613}"
EndProject
Project("{FAE04EC0-301F-11D3-BF4B-00C04F79EFBC}") = "Common", "Common\Common.csproj", "{702A6D7A-20D2-4475-9EED-C6ED8735BA16}"
EndProject
Project("{FAE04EC0-301F-11D3-BF4B-00C04F79EFBC}") = "Core", "Core\Core.csproj", "{327152C2-8D8C-4A44-B88F-A1BAFB6716A1}"
EndProject
Project("{2150E333-8FDC-42A3-9474-1A3956D46DE8}") = "BackgroundWorkers", "BackgroundWorkers", "{194284BE-A65A-4FBF-8CC5-4FA55E3E8AB6}"
EndProject
Project("{FAE04EC0-301F-11D3-BF4B-00C04F79EFBC}") = "Worker.Core", "Worker.Core\Worker.Core.csproj", "{A415C348-8F11-4F4E-AF30-4022DFED322F}"
EndProject
Project("{FAE04EC0-301F-11D3-BF4B-00C04F79EFBC}") = "Worker.Windows", "Worker.Windows\Worker.Windows.csproj", "{A526DBA2-E767-44C1-BC31-957F5180CB36}"
EndProject
Project("{2150E333-8FDC-42A3-9474-1A3956D46DE8}") = "Tests", "Tests", "{A1F3C2FC-09CE-4051-AEF4-7E9245CCA628}"
EndProject
Project("{FAE04EC0-301F-11D3-BF4B-00C04F79EFBC}") = "Core.Tests", "Core.Tests\Core.Tests.csproj", "{8F9A717F-B93F-4D02-AB85-57943E2E4EE7}"
EndProject
Global
	GlobalSection(ProjectConfigurationPlatforms) = postSolution
		{E2B63755-ADA3-42A6-B0BC-992F5D501A22}.Debug|Any CPU.ActiveCfg = Debug|Any CPU
		{E2B63755-ADA3-42A6-B0BC-992F5D501A22}.Debug|Any CPU.Build.0 = Debug|Any CPU
		{B1878CDE-D825-4BBD-B44A-437D0017D613}.Debug|Any CPU.ActiveCfg = Debug|Any CPU
		{B1878CDE-D825-4BBD-B44A-437D0017D613}.Debug|Any CPU.Build.0 = Debug|Any CPU
		{702A6D7A-20D2-4475-9EED-C6ED8735BA16}.Debug|Any CPU.ActiveCfg = Debug|Any CPU
		{702A6D7A-20D2-4475-9EED-C6ED8735BA16}.Debug|Any CPU.Build.0 = Debug|Any CPU
		{327152C2-8D8C-4A44-B88F-A1BAFB6716A1}.Debug|Any CPU.ActiveCfg = Debug|Any CPU
		{327152C2-8D8C-4A44-B88F-A1BAFB6716A1}.Debug|Any CPU.Build.0 = Debug|Any CPU
		{A415C348-8F11-4F4E-AF30-4022DFED322F}.Debug|Any CPU.ActiveCfg = Debug|Any CPU
		{A415C348-8F11-4F4E-AF30-4022DFED322F}.Debug|Any CPU.Build.0 = Debug|Any CPU
		{A526DBA2-E767-44C1-BC31-957F5180CB36}.Debug|Any CPU.ActiveCfg = Debug|Any CPU
		{A526DBA2-E767-44C1-BC31-957F5180CB36}.Debug|Any CPU.Build.0 = Debug|Any CPU
		{8F9A717F-B93F-4D02-AB85-57943E2E4EE7}.Debug|Any CPU.ActiveCfg = Debug|Any CPU
		{8F9A717F-B93F-4D02-AB85-57943E2E4EE7}.Debug|Any CPU.Build.0 = Debug|Any CPU
	EndGlobalSection
	GlobalSection(SolutionConfigurationPlatforms) = preSolution
		Debug|Any CPU = Debug|Any CPU
	EndGlobalSection
	GlobalSection(NestedProjects) = preSolution
		{A415C348-8F11-4F4E-AF30-4022DFED322F} = {194284BE-A65A-4FBF-8CC5-4FA55E3E8AB6}
		{A526DBA2-E767-44C1-BC31-957F5180CB36} = {194284BE-A65A-4FBF-8CC5-4FA55E3E8AB6}
		{8F9A717F-B93F-4D02-AB85-57943E2E4EE7} = {A1F3C2FC-09CE-4051-AEF4-7E9245CCA628}
	EndGlobalSection
EndGlobal
