
Microsoft Visual Studio Solution File, Format Version 12.00
# Visual Studio 2013
VisualStudioVersion = 12.0.0.0
Project("{FAE04EC0-301F-11D3-BF4B-00C04F79EFBC}") = "ApiModel", "ApiModel\ApiModel.csproj", "{E2B63755-ADA3-42A6-B0BC-992F5D501A22}"
EndProject
Global
	GlobalSection(ProjectConfigurationPlatforms) = postSolution
		{E2B63755-ADA3-42A6-B0BC-992F5D501A22}.Debug|Any CPU.ActiveCfg = Debug|Any CPU
		{E2B63755-ADA3-42A6-B0BC-992F5D501A22}.Debug|Any CPU.Build.0 = Debug|Any CPU
	EndGlobalSection
	GlobalSection(SolutionConfigurationPlatforms) = preSolution
		Debug|Any CPU = Debug|Any CPU
	EndGlobalSection
EndGlobal
